
Microsoft Visual Studio Solution File, Format Version 12.00
# Visual Studio Version 17
VisualStudioVersion = 17.4.33213.308
MinimumVisualStudioVersion = 10.0.40219.1
Project("{FAE04EC0-301F-11D3-BF4B-00C04F79EFBC}") = "T3", "T3.csproj", "{BAEB28F6-954E-4930-9313-4894AA8FF9B2}"
EndProject
Global
	GlobalSection(SolutionConfigurationPlatforms) = preSolution
		Debug|Any CPU = Debug|Any CPU
		Release|Any CPU = Release|Any CPU
	EndGlobalSection
	GlobalSection(ProjectConfigurationPlatforms) = postSolution
		{BAEB28F6-954E-4930-9313-4894AA8FF9B2}.Debug|Any CPU.ActiveCfg = Debug|Any CPU
		{BAEB28F6-954E-4930-9313-4894AA8FF9B2}.Debug|Any CPU.Build.0 = Debug|Any CPU
		{BAEB28F6-954E-4930-9313-4894AA8FF9B2}.Release|Any CPU.ActiveCfg = Release|Any CPU
		{BAEB28F6-954E-4930-9313-4894AA8FF9B2}.Release|Any CPU.Build.0 = Release|Any CPU
	EndGlobalSection
	GlobalSection(SolutionProperties) = preSolution
		HideSolutionNode = FALSE
	EndGlobalSection
	GlobalSection(ExtensibilityGlobals) = postSolution
		SolutionGuid = {286C1CE5-2C21-475D-BE77-7F028B740F9E}
	EndGlobalSection
EndGlobal
